
Microsoft Visual Studio Solution File, Format Version 11.00
# Visual Studio 2010
Project("{8BC9CEB8-8B4A-11D0-8D11-00A0C91BC942}") = "0-tesdll", "tesdll\tesdll.vcxproj", "{99D8EDAC-4FDF-4D8B-9273-2FBA62F34F3E}"
EndProject
Project("{8BC9CEB8-8B4A-11D0-8D11-00A0C91BC942}") = "0-testlib", "testlib\testlib.vcxproj", "{A83E7E54-B9C4-47A5-8194-990E1315B12A}"
EndProject
Project("{8BC9CEB8-8B4A-11D0-8D11-00A0C91BC942}") = "0-callDll", "callDll\callDll.vcxproj", "{10DC1EF2-F4D9-4571-8B60-7957E3F049DA}"
EndProject
Project("{2150E333-8FDC-42A3-9474-1A3956D46DE8}") = "dll-call", "dll-call", "{12649EB6-D2F9-4334-A36C-2D59555C5A48}"
EndProject
Project("{8BC9CEB8-8B4A-11D0-8D11-00A0C91BC942}") = "深入c++对象模型", "深入c++对象模型\深入c++对象模型.vcxproj", "{245A5BD8-3450-4E32-8209-2D4E60457AC2}"
EndProject
Project("{8BC9CEB8-8B4A-11D0-8D11-00A0C91BC942}") = "深入c++对象模型_2虚函数表", "深入c++对象模型虚函数表\深入c++对象模型虚函数表.vcxproj", "{0B43E025-1F18-4A4D-94A6-14D2E1B405F5}"
EndProject
Project("{8BC9CEB8-8B4A-11D0-8D11-00A0C91BC942}") = "深入c++对象模型_3输出非静态成员", "深入c++对象-输出非静态成员\深入c++对象-输出非静态成员.vcxproj", "{9C550FFA-EFA1-46C2-AFD6-0093D1E564C7}"
EndProject
Project("{2150E333-8FDC-42A3-9474-1A3956D46DE8}") = "insideOfCppMoudle", "insideOfCppMoudle", "{6A4FC099-3124-4049-82B6-406AD8285A3C}"
EndProject
Project("{8BC9CEB8-8B4A-11D0-8D11-00A0C91BC942}") = "深入c++对象模型_1模型如何影响程序", "c\c.vcxproj", "{3A7246BA-9924-48A1-B4C1-F0345FF8C860}"
EndProject
Project("{8BC9CEB8-8B4A-11D0-8D11-00A0C91BC942}") = "cppLanguage", "cppLanguage\cppLanguage.vcxproj", "{EA93572A-9FB9-4FCE-BA41-4F934FC0A280}"
EndProject
Project("{8BC9CEB8-8B4A-11D0-8D11-00A0C91BC942}") = "深入c++对象模型_6多态", "深入c++对象模型_多态\深入c++对象模型_多态.vcxproj", "{E3D94B4A-743B-4DEE-ACBB-D27ED423B55B}"
EndProject
Global
	GlobalSection(SolutionConfigurationPlatforms) = preSolution
		Debug|Win32 = Debug|Win32
		Release|Win32 = Release|Win32
	EndGlobalSection
	GlobalSection(ProjectConfigurationPlatforms) = postSolution
		{99D8EDAC-4FDF-4D8B-9273-2FBA62F34F3E}.Debug|Win32.ActiveCfg = Debug|Win32
		{99D8EDAC-4FDF-4D8B-9273-2FBA62F34F3E}.Debug|Win32.Build.0 = Debug|Win32
		{99D8EDAC-4FDF-4D8B-9273-2FBA62F34F3E}.Release|Win32.ActiveCfg = Release|Win32
		{99D8EDAC-4FDF-4D8B-9273-2FBA62F34F3E}.Release|Win32.Build.0 = Release|Win32
		{A83E7E54-B9C4-47A5-8194-990E1315B12A}.Debug|Win32.ActiveCfg = Debug|Win32
		{A83E7E54-B9C4-47A5-8194-990E1315B12A}.Debug|Win32.Build.0 = Debug|Win32
		{A83E7E54-B9C4-47A5-8194-990E1315B12A}.Release|Win32.ActiveCfg = Release|Win32
		{A83E7E54-B9C4-47A5-8194-990E1315B12A}.Release|Win32.Build.0 = Release|Win32
		{10DC1EF2-F4D9-4571-8B60-7957E3F049DA}.Debug|Win32.ActiveCfg = Debug|Win32
		{10DC1EF2-F4D9-4571-8B60-7957E3F049DA}.Debug|Win32.Build.0 = Debug|Win32
		{10DC1EF2-F4D9-4571-8B60-7957E3F049DA}.Release|Win32.ActiveCfg = Release|Win32
		{10DC1EF2-F4D9-4571-8B60-7957E3F049DA}.Release|Win32.Build.0 = Release|Win32
		{245A5BD8-3450-4E32-8209-2D4E60457AC2}.Debug|Win32.ActiveCfg = Debug|Win32
		{245A5BD8-3450-4E32-8209-2D4E60457AC2}.Debug|Win32.Build.0 = Debug|Win32
		{245A5BD8-3450-4E32-8209-2D4E60457AC2}.Release|Win32.ActiveCfg = Release|Win32
		{245A5BD8-3450-4E32-8209-2D4E60457AC2}.Release|Win32.Build.0 = Release|Win32
		{0B43E025-1F18-4A4D-94A6-14D2E1B405F5}.Debug|Win32.ActiveCfg = Debug|Win32
		{0B43E025-1F18-4A4D-94A6-14D2E1B405F5}.Debug|Win32.Build.0 = Debug|Win32
		{0B43E025-1F18-4A4D-94A6-14D2E1B405F5}.Release|Win32.ActiveCfg = Release|Win32
		{0B43E025-1F18-4A4D-94A6-14D2E1B405F5}.Release|Win32.Build.0 = Release|Win32
		{9C550FFA-EFA1-46C2-AFD6-0093D1E564C7}.Debug|Win32.ActiveCfg = Debug|Win32
		{9C550FFA-EFA1-46C2-AFD6-0093D1E564C7}.Debug|Win32.Build.0 = Debug|Win32
		{9C550FFA-EFA1-46C2-AFD6-0093D1E564C7}.Release|Win32.ActiveCfg = Release|Win32
		{9C550FFA-EFA1-46C2-AFD6-0093D1E564C7}.Release|Win32.Build.0 = Release|Win32
		{3A7246BA-9924-48A1-B4C1-F0345FF8C860}.Debug|Win32.ActiveCfg = Debug|Win32
		{3A7246BA-9924-48A1-B4C1-F0345FF8C860}.Debug|Win32.Build.0 = Debug|Win32
		{3A7246BA-9924-48A1-B4C1-F0345FF8C860}.Release|Win32.ActiveCfg = Release|Win32
		{3A7246BA-9924-48A1-B4C1-F0345FF8C860}.Release|Win32.Build.0 = Release|Win32
		{EA93572A-9FB9-4FCE-BA41-4F934FC0A280}.Debug|Win32.ActiveCfg = Debug|Win32
		{EA93572A-9FB9-4FCE-BA41-4F934FC0A280}.Debug|Win32.Build.0 = Debug|Win32
		{EA93572A-9FB9-4FCE-BA41-4F934FC0A280}.Release|Win32.ActiveCfg = Release|Win32
		{EA93572A-9FB9-4FCE-BA41-4F934FC0A280}.Release|Win32.Build.0 = Release|Win32
		{E3D94B4A-743B-4DEE-ACBB-D27ED423B55B}.Debug|Win32.ActiveCfg = Debug|Win32
		{E3D94B4A-743B-4DEE-ACBB-D27ED423B55B}.Debug|Win32.Build.0 = Debug|Win32
		{E3D94B4A-743B-4DEE-ACBB-D27ED423B55B}.Release|Win32.ActiveCfg = Release|Win32
		{E3D94B4A-743B-4DEE-ACBB-D27ED423B55B}.Release|Win32.Build.0 = Release|Win32
	EndGlobalSection
	GlobalSection(SolutionProperties) = preSolution
		HideSolutionNode = FALSE
	EndGlobalSection
	GlobalSection(NestedProjects) = preSolution
		{A83E7E54-B9C4-47A5-8194-990E1315B12A} = {12649EB6-D2F9-4334-A36C-2D59555C5A48}
		{10DC1EF2-F4D9-4571-8B60-7957E3F049DA} = {12649EB6-D2F9-4334-A36C-2D59555C5A48}
		{99D8EDAC-4FDF-4D8B-9273-2FBA62F34F3E} = {12649EB6-D2F9-4334-A36C-2D59555C5A48}
		{0B43E025-1F18-4A4D-94A6-14D2E1B405F5} = {6A4FC099-3124-4049-82B6-406AD8285A3C}
		{9C550FFA-EFA1-46C2-AFD6-0093D1E564C7} = {6A4FC099-3124-4049-82B6-406AD8285A3C}
		{245A5BD8-3450-4E32-8209-2D4E60457AC2} = {6A4FC099-3124-4049-82B6-406AD8285A3C}
		{3A7246BA-9924-48A1-B4C1-F0345FF8C860} = {6A4FC099-3124-4049-82B6-406AD8285A3C}
		{E3D94B4A-743B-4DEE-ACBB-D27ED423B55B} = {6A4FC099-3124-4049-82B6-406AD8285A3C}
	EndGlobalSection
EndGlobal
